
Microsoft Visual Studio Solution File, Format Version 12.00
# Visual Studio Version 17
VisualStudioVersion = 17.7.34202.233
MinimumVisualStudioVersion = 10.0.40219.1
Project("{FAE04EC0-301F-11D3-BF4B-00C04F79EFBC}") = "BlackJack1", "BlackJack1\BlackJack1.csproj", "{1E5DB4BB-B7D8-415E-B08D-86FF3D939484}"
EndProject
Global
	GlobalSection(SolutionConfigurationPlatforms) = preSolution
		Debug|Any CPU = Debug|Any CPU
		Release|Any CPU = Release|Any CPU
	EndGlobalSection
	GlobalSection(ProjectConfigurationPlatforms) = postSolution
		{1E5DB4BB-B7D8-415E-B08D-86FF3D939484}.Debug|Any CPU.ActiveCfg = Debug|Any CPU
		{1E5DB4BB-B7D8-415E-B08D-86FF3D939484}.Debug|Any CPU.Build.0 = Debug|Any CPU
		{1E5DB4BB-B7D8-415E-B08D-86FF3D939484}.Release|Any CPU.ActiveCfg = Release|Any CPU
		{1E5DB4BB-B7D8-415E-B08D-86FF3D939484}.Release|Any CPU.Build.0 = Release|Any CPU
	EndGlobalSection
	GlobalSection(SolutionProperties) = preSolution
		HideSolutionNode = FALSE
	EndGlobalSection
	GlobalSection(ExtensibilityGlobals) = postSolution
		SolutionGuid = {3B3E6CB7-1D05-4B62-BF84-A93CE2E00AEB}
	EndGlobalSection
EndGlobal
